
Microsoft Visual Studio Solution File, Format Version 12.00
# Visual Studio Version 16
VisualStudioVersion = 16.0.32901.82
MinimumVisualStudioVersion = 10.0.40219.1
Project("{FAE04EC0-301F-11D3-BF4B-00C04F79EFBC}") = "WebAppMacroSociety", "WebAppMacroSociety\WebAppMacroSociety.csproj", "{93243275-21BD-4438-AB6E-7FCF9027E2DB}"
EndProject
Global
	GlobalSection(SolutionConfigurationPlatforms) = preSolution
		Debug|Any CPU = Debug|Any CPU
		Release|Any CPU = Release|Any CPU
	EndGlobalSection
	GlobalSection(ProjectConfigurationPlatforms) = postSolution
		{93243275-21BD-4438-AB6E-7FCF9027E2DB}.Debug|Any CPU.ActiveCfg = Debug|Any CPU
		{93243275-21BD-4438-AB6E-7FCF9027E2DB}.Debug|Any CPU.Build.0 = Debug|Any CPU
		{93243275-21BD-4438-AB6E-7FCF9027E2DB}.Release|Any CPU.ActiveCfg = Release|Any CPU
		{93243275-21BD-4438-AB6E-7FCF9027E2DB}.Release|Any CPU.Build.0 = Release|Any CPU
	EndGlobalSection
	GlobalSection(SolutionProperties) = preSolution
		HideSolutionNode = FALSE
	EndGlobalSection
	GlobalSection(ExtensibilityGlobals) = postSolution
		SolutionGuid = {2914EB7B-0B18-4042-827A-8938853E3BA3}
	EndGlobalSection
EndGlobal
